
Microsoft Visual Studio Solution File, Format Version 12.00
# Visual Studio Version 16
VisualStudioVersion = 16.0.810.16
MinimumVisualStudioVersion = 10.0.40219.1
Project("{FAE04EC0-301F-11D3-BF4B-00C04F79EFBC}") = "CSharpLabOne", "CSharpLabOne\CSharpLabOne.csproj", "{8766D758-2FD7-433A-9985-C4F6FD03C257}"
EndProject
Global
	GlobalSection(SolutionConfigurationPlatforms) = preSolution
		Debug|Any CPU = Debug|Any CPU
		Release|Any CPU = Release|Any CPU
	EndGlobalSection
	GlobalSection(ProjectConfigurationPlatforms) = postSolution
		{8766D758-2FD7-433A-9985-C4F6FD03C257}.Debug|Any CPU.ActiveCfg = Debug|Any CPU
		{8766D758-2FD7-433A-9985-C4F6FD03C257}.Debug|Any CPU.Build.0 = Debug|Any CPU
		{8766D758-2FD7-433A-9985-C4F6FD03C257}.Release|Any CPU.ActiveCfg = Release|Any CPU
		{8766D758-2FD7-433A-9985-C4F6FD03C257}.Release|Any CPU.Build.0 = Release|Any CPU
	EndGlobalSection
	GlobalSection(SolutionProperties) = preSolution
		HideSolutionNode = FALSE
	EndGlobalSection
	GlobalSection(ExtensibilityGlobals) = postSolution
		SolutionGuid = {CF393887-E6AA-4E81-A75F-8DB53F14B0D1}
	EndGlobalSection
EndGlobal
